
Microsoft Visual Studio Solution File, Format Version 12.00
# Visual Studio 15
VisualStudioVersion = 15.0.28307.902
MinimumVisualStudioVersion = 10.0.40219.1
Project("{9A19103F-16F7-4668-BE54-9A1E7A4F7556}") = "BankingApplication", "BankingApplication\BankingApplication.csproj", "{A2AD05DC-E52A-4BE6-B094-B249BD24ED34}"
EndProject
Project("{9A19103F-16F7-4668-BE54-9A1E7A4F7556}") = "IdentityAPI", "IdentityAPI\IdentityAPI.csproj", "{A7BDC64F-D420-402F-B574-9B3719B91BE1}"
EndProject
Project("{9A19103F-16F7-4668-BE54-9A1E7A4F7556}") = "Gateway", "Gateway\Gateway.csproj", "{9BF99D6B-6A4B-4E09-8F18-89B7EF4D52C4}"
EndProject
Project("{9A19103F-16F7-4668-BE54-9A1E7A4F7556}") = "TransactionAPI", "TransactionAPI\TransactionAPI.csproj", "{87BF026C-9BDC-4EF2-8FCE-40DDB157B76C}"
EndProject
Project("{9A19103F-16F7-4668-BE54-9A1E7A4F7556}") = "TransactionFramework", "..\TransactionFramework\TransactionFramework.csproj", "{39FC579E-53C9-427B-946C-ACE4617CBB1C}"
EndProject
Project("{E53339B2-1760-4266-BCC7-CA923CBCF16C}") = "docker-compose", "docker-compose.dcproj", "{B196B8DA-E83E-4628-8717-97BA8D41AB66}"
EndProject
Global
	GlobalSection(SolutionConfigurationPlatforms) = preSolution
		Debug|Any CPU = Debug|Any CPU
		Release|Any CPU = Release|Any CPU
	EndGlobalSection
	GlobalSection(ProjectConfigurationPlatforms) = postSolution
		{A2AD05DC-E52A-4BE6-B094-B249BD24ED34}.Debug|Any CPU.ActiveCfg = Debug|Any CPU
		{A2AD05DC-E52A-4BE6-B094-B249BD24ED34}.Debug|Any CPU.Build.0 = Debug|Any CPU
		{A2AD05DC-E52A-4BE6-B094-B249BD24ED34}.Release|Any CPU.ActiveCfg = Release|Any CPU
		{A2AD05DC-E52A-4BE6-B094-B249BD24ED34}.Release|Any CPU.Build.0 = Release|Any CPU
		{A7BDC64F-D420-402F-B574-9B3719B91BE1}.Debug|Any CPU.ActiveCfg = Debug|Any CPU
		{A7BDC64F-D420-402F-B574-9B3719B91BE1}.Debug|Any CPU.Build.0 = Debug|Any CPU
		{A7BDC64F-D420-402F-B574-9B3719B91BE1}.Release|Any CPU.ActiveCfg = Release|Any CPU
		{A7BDC64F-D420-402F-B574-9B3719B91BE1}.Release|Any CPU.Build.0 = Release|Any CPU
		{9BF99D6B-6A4B-4E09-8F18-89B7EF4D52C4}.Debug|Any CPU.ActiveCfg = Debug|Any CPU
		{9BF99D6B-6A4B-4E09-8F18-89B7EF4D52C4}.Debug|Any CPU.Build.0 = Debug|Any CPU
		{9BF99D6B-6A4B-4E09-8F18-89B7EF4D52C4}.Release|Any CPU.ActiveCfg = Release|Any CPU
		{9BF99D6B-6A4B-4E09-8F18-89B7EF4D52C4}.Release|Any CPU.Build.0 = Release|Any CPU
		{87BF026C-9BDC-4EF2-8FCE-40DDB157B76C}.Debug|Any CPU.ActiveCfg = Debug|Any CPU
		{87BF026C-9BDC-4EF2-8FCE-40DDB157B76C}.Debug|Any CPU.Build.0 = Debug|Any CPU
		{87BF026C-9BDC-4EF2-8FCE-40DDB157B76C}.Release|Any CPU.ActiveCfg = Release|Any CPU
		{87BF026C-9BDC-4EF2-8FCE-40DDB157B76C}.Release|Any CPU.Build.0 = Release|Any CPU
		{39FC579E-53C9-427B-946C-ACE4617CBB1C}.Debug|Any CPU.ActiveCfg = Debug|Any CPU
		{39FC579E-53C9-427B-946C-ACE4617CBB1C}.Debug|Any CPU.Build.0 = Debug|Any CPU
		{39FC579E-53C9-427B-946C-ACE4617CBB1C}.Release|Any CPU.ActiveCfg = Release|Any CPU
		{39FC579E-53C9-427B-946C-ACE4617CBB1C}.Release|Any CPU.Build.0 = Release|Any CPU
		{B196B8DA-E83E-4628-8717-97BA8D41AB66}.Debug|Any CPU.ActiveCfg = Debug|Any CPU
		{B196B8DA-E83E-4628-8717-97BA8D41AB66}.Debug|Any CPU.Build.0 = Debug|Any CPU
		{B196B8DA-E83E-4628-8717-97BA8D41AB66}.Release|Any CPU.ActiveCfg = Release|Any CPU
		{B196B8DA-E83E-4628-8717-97BA8D41AB66}.Release|Any CPU.Build.0 = Release|Any CPU
	EndGlobalSection
	GlobalSection(SolutionProperties) = preSolution
		HideSolutionNode = FALSE
	EndGlobalSection
	GlobalSection(ExtensibilityGlobals) = postSolution
		SolutionGuid = {2C3E3A92-3E41-4F51-B2CF-41D77B02204B}
	EndGlobalSection
EndGlobal
